
Microsoft Visual Studio Solution File, Format Version 12.00
# Visual Studio Version 16
VisualStudioVersion = 16.0.30204.135
MinimumVisualStudioVersion = 10.0.40219.1
Project("{FAE04EC0-301F-11D3-BF4B-00C04F79EFBC}") = "CursoOnline.DominioTest", "test\CursoOnline.DominioTest\CursoOnline.DominioTest.csproj", "{56033477-6589-44B8-94E3-856D1AABCED9}"
EndProject
Project("{FAE04EC0-301F-11D3-BF4B-00C04F79EFBC}") = "CursoOnline.Dominio", "src\CursoOnline.Dominio\CursoOnline.Dominio.csproj", "{21D3D854-A2D2-4E80-B1D8-57C7B9FCE7FA}"
EndProject
Global
	GlobalSection(SolutionConfigurationPlatforms) = preSolution
		Debug|Any CPU = Debug|Any CPU
		Release|Any CPU = Release|Any CPU
	EndGlobalSection
	GlobalSection(ProjectConfigurationPlatforms) = postSolution
		{56033477-6589-44B8-94E3-856D1AABCED9}.Debug|Any CPU.ActiveCfg = Debug|Any CPU
		{56033477-6589-44B8-94E3-856D1AABCED9}.Debug|Any CPU.Build.0 = Debug|Any CPU
		{56033477-6589-44B8-94E3-856D1AABCED9}.Release|Any CPU.ActiveCfg = Release|Any CPU
		{56033477-6589-44B8-94E3-856D1AABCED9}.Release|Any CPU.Build.0 = Release|Any CPU
		{21D3D854-A2D2-4E80-B1D8-57C7B9FCE7FA}.Debug|Any CPU.ActiveCfg = Debug|Any CPU
		{21D3D854-A2D2-4E80-B1D8-57C7B9FCE7FA}.Debug|Any CPU.Build.0 = Debug|Any CPU
		{21D3D854-A2D2-4E80-B1D8-57C7B9FCE7FA}.Release|Any CPU.ActiveCfg = Release|Any CPU
		{21D3D854-A2D2-4E80-B1D8-57C7B9FCE7FA}.Release|Any CPU.Build.0 = Release|Any CPU
	EndGlobalSection
	GlobalSection(SolutionProperties) = preSolution
		HideSolutionNode = FALSE
	EndGlobalSection
	GlobalSection(ExtensibilityGlobals) = postSolution
		SolutionGuid = {4E163F7E-60E9-40B8-9927-A4B0AEC26674}
	EndGlobalSection
EndGlobal
